// !$*UTF8*$!
{
	archiveVersion = 1;
	classes = {
	};
	objectVersion = 56;
	objects = {

/* Begin PBXBuildFile section */
		DC7068842B246FC600619CE0 /* AppDelegate.swift in Sources */ = {isa = PBXBuildFile; fileRef = DC7068832B246FC600619CE0 /* AppDelegate.swift */; };
		DC7068862B246FC600619CE0 /* SceneDelegate.swift in Sources */ = {isa = PBXBuildFile; fileRef = DC7068852B246FC600619CE0 /* SceneDelegate.swift */; };
		DC7068882B246FC600619CE0 /* ViewController.swift in Sources */ = {isa = PBXBuildFile; fileRef = DC7068872B246FC600619CE0 /* ViewController.swift */; };
		DC70688B2B246FC600619CE0 /* Main.storyboard in Resources */ = {isa = PBXBuildFile; fileRef = DC7068892B246FC600619CE0 /* Main.storyboard */; };
		DC70688D2B246FC800619CE0 /* Assets.xcassets in Resources */ = {isa = PBXBuildFile; fileRef = DC70688C2B246FC800619CE0 /* Assets.xcassets */; };
		DC7068902B246FC800619CE0 /* LaunchScreen.storyboard in Resources */ = {isa = PBXBuildFile; fileRef = DC70688E2B246FC800619CE0 /* LaunchScreen.storyboard */; };
		DC70689B2B246FC800619CE0 /* rxdemoTests.swift in Sources */ = {isa = PBXBuildFile; fileRef = DC70689A2B246FC800619CE0 /* rxdemoTests.swift */; };
		DC7068A52B246FC900619CE0 /* rxdemoUITests.swift in Sources */ = {isa = PBXBuildFile; fileRef = DC7068A42B246FC900619CE0 /* rxdemoUITests.swift */; };
		DC7068A72B246FC900619CE0 /* rxdemoUITestsLaunchTests.swift in Sources */ = {isa = PBXBuildFile; fileRef = DC7068A62B246FC900619CE0 /* rxdemoUITestsLaunchTests.swift */; };
		DC7068B52B24707800619CE0 /* RxCocoa in Frameworks */ = {isa = PBXBuildFile; productRef = DC7068B42B24707800619CE0 /* RxCocoa */; };
		DC7068B72B24707800619CE0 /* RxSwift in Frameworks */ = {isa = PBXBuildFile; productRef = DC7068B62B24707800619CE0 /* RxSwift */; };
		DC7068BD2B248C8900619CE0 /* Schedulers.swift in Sources */ = {isa = PBXBuildFile; fileRef = DC7068BC2B248C8800619CE0 /* Schedulers.swift */; };
		DC7068BF2B24A3ED00619CE0 /* UIElements.swift in Sources */ = {isa = PBXBuildFile; fileRef = DC7068BE2B24A3ED00619CE0 /* UIElements.swift */; };
/* End PBXBuildFile section */

/* Begin PBXContainerItemProxy section */
		DC7068972B246FC800619CE0 /* PBXContainerItemProxy */ = {
			isa = PBXContainerItemProxy;
			containerPortal = DC7068782B246FC600619CE0 /* Project object */;
			proxyType = 1;
			remoteGlobalIDString = DC70687F2B246FC600619CE0;
			remoteInfo = rxdemo;
		};
		DC7068A12B246FC800619CE0 /* PBXContainerItemProxy */ = {
			isa = PBXContainerItemProxy;
			containerPortal = DC7068782B246FC600619CE0 /* Project object */;
			proxyType = 1;
			remoteGlobalIDString = DC70687F2B246FC600619CE0;
			remoteInfo = rxdemo;
		};
/* End PBXContainerItemProxy section */

/* Begin PBXFileReference section */
		DC7068802B246FC600619CE0 /* rxdemo.app */ = {isa = PBXFileReference; explicitFileType = wrapper.application; includeInIndex = 0; path = rxdemo.app; sourceTree = BUILT_PRODUCTS_DIR; };
		DC7068832B246FC600619CE0 /* AppDelegate.swift */ = {isa = PBXFileReference; lastKnownFileType = sourcecode.swift; path = AppDelegate.swift; sourceTree = "<group>"; };
		DC7068852B246FC600619CE0 /* SceneDelegate.swift */ = {isa = PBXFileReference; lastKnownFileType = sourcecode.swift; path = SceneDelegate.swift; sourceTree = "<group>"; };
		DC7068872B246FC600619CE0 /* ViewController.swift */ = {isa = PBXFileReference; lastKnownFileType = sourcecode.swift; path = ViewController.swift; sourceTree = "<group>"; };
		DC70688A2B246FC600619CE0 /* Base */ = {isa = PBXFileReference; lastKnownFileType = file.storyboard; name = Base; path = Base.lproj/Main.storyboard; sourceTree = "<group>"; };
		DC70688C2B246FC800619CE0 /* Assets.xcassets */ = {isa = PBXFileReference; lastKnownFileType = folder.assetcatalog; path = Assets.xcassets; sourceTree = "<group>"; };
		DC70688F2B246FC800619CE0 /* Base */ = {isa = PBXFileReference; lastKnownFileType = file.storyboard; name = Base; path = Base.lproj/LaunchScreen.storyboard; sourceTree = "<group>"; };
		DC7068912B246FC800619CE0 /* Info.plist */ = {isa = PBXFileReference; lastKnownFileType = text.plist.xml; path = Info.plist; sourceTree = "<group>"; };
		DC7068962B246FC800619CE0 /* rxdemoTests.xctest */ = {isa = PBXFileReference; explicitFileType = wrapper.cfbundle; includeInIndex = 0; path = rxdemoTests.xctest; sourceTree = BUILT_PRODUCTS_DIR; };
		DC70689A2B246FC800619CE0 /* rxdemoTests.swift */ = {isa = PBXFileReference; lastKnownFileType = sourcecode.swift; path = rxdemoTests.swift; sourceTree = "<group>"; };
		DC7068A02B246FC800619CE0 /* rxdemoUITests.xctest */ = {isa = PBXFileReference; explicitFileType = wrapper.cfbundle; includeInIndex = 0; path = rxdemoUITests.xctest; sourceTree = BUILT_PRODUCTS_DIR; };
		DC7068A42B246FC900619CE0 /* rxdemoUITests.swift */ = {isa = PBXFileReference; lastKnownFileType = sourcecode.swift; path = rxdemoUITests.swift; sourceTree = "<group>"; };
		DC7068A62B246FC900619CE0 /* rxdemoUITestsLaunchTests.swift */ = {isa = PBXFileReference; lastKnownFileType = sourcecode.swift; path = rxdemoUITestsLaunchTests.swift; sourceTree = "<group>"; };
		DC7068BC2B248C8800619CE0 /* Schedulers.swift */ = {isa = PBXFileReference; lastKnownFileType = sourcecode.swift; path = Schedulers.swift; sourceTree = "<group>"; };
		DC7068BE2B24A3ED00619CE0 /* UIElements.swift */ = {isa = PBXFileReference; lastKnownFileType = sourcecode.swift; path = UIElements.swift; sourceTree = "<group>"; };
/* End PBXFileReference section */

/* Begin PBXFrameworksBuildPhase section */
		DC70687D2B246FC600619CE0 /* Frameworks */ = {
			isa = PBXFrameworksBuildPhase;
			buildActionMask = 2147483647;
			files = (
				DC7068B72B24707800619CE0 /* RxSwift in Frameworks */,
				DC7068B52B24707800619CE0 /* RxCocoa in Frameworks */,
			);
			runOnlyForDeploymentPostprocessing = 0;
		};
		DC7068932B246FC800619CE0 /* Frameworks */ = {
			isa = PBXFrameworksBuildPhase;
			buildActionMask = 2147483647;
			files = (
			);
			runOnlyForDeploymentPostprocessing = 0;
		};
		DC70689D2B246FC800619CE0 /* Frameworks */ = {
			isa = PBXFrameworksBuildPhase;
			buildActionMask = 2147483647;
			files = (
			);
			runOnlyForDeploymentPostprocessing = 0;
		};
/* End PBXFrameworksBuildPhase section */

/* Begin PBXGroup section */
		DC7068772B246FC600619CE0 = {
			isa = PBXGroup;
			children = (
				DC7068822B246FC600619CE0 /* rxdemo */,
				DC7068992B246FC800619CE0 /* rxdemoTests */,
				DC7068A32B246FC900619CE0 /* rxdemoUITests */,
				DC7068812B246FC600619CE0 /* Products */,
			);
			sourceTree = "<group>";
		};
		DC7068812B246FC600619CE0 /* Products */ = {
			isa = PBXGroup;
			children = (
				DC7068802B246FC600619CE0 /* rxdemo.app */,
				DC7068962B246FC800619CE0 /* rxdemoTests.xctest */,
				DC7068A02B246FC800619CE0 /* rxdemoUITests.xctest */,
			);
			name = Products;
			sourceTree = "<group>";
		};
		DC7068822B246FC600619CE0 /* rxdemo */ = {
			isa = PBXGroup;
			children = (
				DC7068832B246FC600619CE0 /* AppDelegate.swift */,
				DC7068852B246FC600619CE0 /* SceneDelegate.swift */,
				DC7068872B246FC600619CE0 /* ViewController.swift */,
				DC7068BC2B248C8800619CE0 /* Schedulers.swift */,
				DC7068BE2B24A3ED00619CE0 /* UIElements.swift */,
				DC7068892B246FC600619CE0 /* Main.storyboard */,
				DC70688C2B246FC800619CE0 /* Assets.xcassets */,
				DC70688E2B246FC800619CE0 /* LaunchScreen.storyboard */,
				DC7068912B246FC800619CE0 /* Info.plist */,
			);
			path = rxdemo;
			sourceTree = "<group>";
		};
		DC7068992B246FC800619CE0 /* rxdemoTests */ = {
			isa = PBXGroup;
			children = (
				DC70689A2B246FC800619CE0 /* rxdemoTests.swift */,
			);
			path = rxdemoTests;
			sourceTree = "<group>";
		};
		DC7068A32B246FC900619CE0 /* rxdemoUITests */ = {
			isa = PBXGroup;
			children = (
				DC7068A42B246FC900619CE0 /* rxdemoUITests.swift */,
				DC7068A62B246FC900619CE0 /* rxdemoUITestsLaunchTests.swift */,
			);
			path = rxdemoUITests;
			sourceTree = "<group>";
		};
/* End PBXGroup section */

/* Begin PBXNativeTarget section */
		DC70687F2B246FC600619CE0 /* rxdemo */ = {
			isa = PBXNativeTarget;
			buildConfigurationList = DC7068AA2B246FC900619CE0 /* Build configuration list for PBXNativeTarget "rxdemo" */;
			buildPhases = (
				DC70687C2B246FC600619CE0 /* Sources */,
				DC70687D2B246FC600619CE0 /* Frameworks */,
				DC70687E2B246FC600619CE0 /* Resources */,
			);
			buildRules = (
			);
			dependencies = (
			);
			name = rxdemo;
			packageProductDependencies = (
				DC7068B42B24707800619CE0 /* RxCocoa */,
				DC7068B62B24707800619CE0 /* RxSwift */,
			);
			productName = rxdemo;
			productReference = DC7068802B246FC600619CE0 /* rxdemo.app */;
			productType = "com.apple.product-type.application";
		};
		DC7068952B246FC800619CE0 /* rxdemoTests */ = {
			isa = PBXNativeTarget;
			buildConfigurationList = DC7068AD2B246FC900619CE0 /* Build configuration list for PBXNativeTarget "rxdemoTests" */;
			buildPhases = (
				DC7068922B246FC800619CE0 /* Sources */,
				DC7068932B246FC800619CE0 /* Frameworks */,
				DC7068942B246FC800619CE0 /* Resources */,
			);
			buildRules = (
			);
			dependencies = (
				DC7068982B246FC800619CE0 /* PBXTargetDependency */,
			);
			name = rxdemoTests;
			productName = rxdemoTests;
			productReference = DC7068962B246FC800619CE0 /* rxdemoTests.xctest */;
			productType = "com.apple.product-type.bundle.unit-test";
		};
		DC70689F2B246FC800619CE0 /* rxdemoUITests */ = {
			isa = PBXNativeTarget;
			buildConfigurationList = DC7068B02B246FC900619CE0 /* Build configuration list for PBXNativeTarget "rxdemoUITests" */;
			buildPhases = (
				DC70689C2B246FC800619CE0 /* Sources */,
				DC70689D2B246FC800619CE0 /* Frameworks */,
				DC70689E2B246FC800619CE0 /* Resources */,
			);
			buildRules = (
			);
			dependencies = (
				DC7068A22B246FC800619CE0 /* PBXTargetDependency */,
			);
			name = rxdemoUITests;
			productName = rxdemoUITests;
			productReference = DC7068A02B246FC800619CE0 /* rxdemoUITests.xctest */;
			productType = "com.apple.product-type.bundle.ui-testing";
		};
/* End PBXNativeTarget section */

/* Begin PBXProject section */
		DC7068782B246FC600619CE0 /* Project object */ = {
			isa = PBXProject;
			attributes = {
				BuildIndependentTargetsInParallel = 1;
				LastSwiftUpdateCheck = 1500;
				LastUpgradeCheck = 1500;
				TargetAttributes = {
					DC70687F2B246FC600619CE0 = {
						CreatedOnToolsVersion = 15.0.1;
					};
					DC7068952B246FC800619CE0 = {
						CreatedOnToolsVersion = 15.0.1;
						TestTargetID = DC70687F2B246FC600619CE0;
					};
					DC70689F2B246FC800619CE0 = {
						CreatedOnToolsVersion = 15.0.1;
						TestTargetID = DC70687F2B246FC600619CE0;
					};
				};
			};
			buildConfigurationList = DC70687B2B246FC600619CE0 /* Build configuration list for PBXProject "rxdemo" */;
			compatibilityVersion = "Xcode 14.0";
			developmentRegion = en;
			hasScannedForEncodings = 0;
			knownRegions = (
				en,
				Base,
			);
			mainGroup = DC7068772B246FC600619CE0;
			packageReferences = (
				DC7068B32B24707800619CE0 /* XCRemoteSwiftPackageReference "RxSwift" */,
			);
			productRefGroup = DC7068812B246FC600619CE0 /* Products */;
			projectDirPath = "";
			projectRoot = "";
			targets = (
				DC70687F2B246FC600619CE0 /* rxdemo */,
				DC7068952B246FC800619CE0 /* rxdemoTests */,
				DC70689F2B246FC800619CE0 /* rxdemoUITests */,
			);
		};
/* End PBXProject section */

/* Begin PBXResourcesBuildPhase section */
		DC70687E2B246FC600619CE0 /* Resources */ = {
			isa = PBXResourcesBuildPhase;
			buildActionMask = 2147483647;
			files = (
				DC7068902B246FC800619CE0 /* LaunchScreen.storyboard in Resources */,
				DC70688D2B246FC800619CE0 /* Assets.xcassets in Resources */,
				DC70688B2B246FC600619CE0 /* Main.storyboard in Resources */,
			);
			runOnlyForDeploymentPostprocessing = 0;
		};
		DC7068942B246FC800619CE0 /* Resources */ = {
			isa = PBXResourcesBuildPhase;
			buildActionMask = 2147483647;
			files = (
			);
			runOnlyForDeploymentPostprocessing = 0;
		};
		DC70689E2B246FC800619CE0 /* Resources */ = {
			isa = PBXResourcesBuildPhase;
			buildActionMask = 2147483647;
			files = (
			);
			runOnlyForDeploymentPostprocessing = 0;
		};
/* End PBXResourcesBuildPhase section */

/* Begin PBXSourcesBuildPhase section */
		DC70687C2B246FC600619CE0 /* Sources */ = {
			isa = PBXSourcesBuildPhase;
			buildActionMask = 2147483647;
			files = (
				DC7068882B246FC600619CE0 /* ViewController.swift in Sources */,
				DC7068BD2B248C8900619CE0 /* Schedulers.swift in Sources */,
				DC7068842B246FC600619CE0 /* AppDelegate.swift in Sources */,
				DC7068862B246FC600619CE0 /* SceneDelegate.swift in Sources */,
				DC7068BF2B24A3ED00619CE0 /* UIElements.swift in Sources */,
			);
			runOnlyForDeploymentPostprocessing = 0;
		};
		DC7068922B246FC800619CE0 /* Sources */ = {
			isa = PBXSourcesBuildPhase;
			buildActionMask = 2147483647;
			files = (
				DC70689B2B246FC800619CE0 /* rxdemoTests.swift in Sources */,
			);
			runOnlyForDeploymentPostprocessing = 0;
		};
		DC70689C2B246FC800619CE0 /* Sources */ = {
			isa = PBXSourcesBuildPhase;
			buildActionMask = 2147483647;
			files = (
				DC7068A52B246FC900619CE0 /* rxdemoUITests.swift in Sources */,
				DC7068A72B246FC900619CE0 /* rxdemoUITestsLaunchTests.swift in Sources */,
			);
			runOnlyForDeploymentPostprocessing = 0;
		};
/* End PBXSourcesBuildPhase section */

/* Begin PBXTargetDependency section */
		DC7068982B246FC800619CE0 /* PBXTargetDependency */ = {
			isa = PBXTargetDependency;
			target = DC70687F2B246FC600619CE0 /* rxdemo */;
			targetProxy = DC7068972B246FC800619CE0 /* PBXContainerItemProxy */;
		};
		DC7068A22B246FC800619CE0 /* PBXTargetDependency */ = {
			isa = PBXTargetDependency;
			target = DC70687F2B246FC600619CE0 /* rxdemo */;
			targetProxy = DC7068A12B246FC800619CE0 /* PBXContainerItemProxy */;
		};
/* End PBXTargetDependency section */

/* Begin PBXVariantGroup section */
		DC7068892B246FC600619CE0 /* Main.storyboard */ = {
			isa = PBXVariantGroup;
			children = (
				DC70688A2B246FC600619CE0 /* Base */,
			);
			name = Main.storyboard;
			sourceTree = "<group>";
		};
		DC70688E2B246FC800619CE0 /* LaunchScreen.storyboard */ = {
			isa = PBXVariantGroup;
			children = (
				DC70688F2B246FC800619CE0 /* Base */,
			);
			name = LaunchScreen.storyboard;
			sourceTree = "<group>";
		};
/* End PBXVariantGroup section */

/* Begin XCBuildConfiguration section */
		DC7068A82B246FC900619CE0 /* Debug */ = {
			isa = XCBuildConfiguration;
			buildSettings = {
				ALWAYS_SEARCH_USER_PATHS = NO;
				ASSETCATALOG_COMPILER_GENERATE_SWIFT_ASSET_SYMBOL_EXTENSIONS = YES;
				CLANG_ANALYZER_NONNULL = YES;
				CLANG_ANALYZER_NUMBER_OBJECT_CONVERSION = YES_AGGRESSIVE;
				CLANG_CXX_LANGUAGE_STANDARD = "gnu++20";
				CLANG_ENABLE_MODULES = YES;
				CLANG_ENABLE_OBJC_ARC = YES;
				CLANG_ENABLE_OBJC_WEAK = YES;
				CLANG_WARN_BLOCK_CAPTURE_AUTORELEASING = YES;
				CLANG_WARN_BOOL_CONVERSION = YES;
				CLANG_WARN_COMMA = YES;
				CLANG_WARN_CONSTANT_CONVERSION = YES;
				CLANG_WARN_DEPRECATED_OBJC_IMPLEMENTATIONS = YES;
				CLANG_WARN_DIRECT_OBJC_ISA_USAGE = YES_ERROR;
				CLANG_WARN_DOCUMENTATION_COMMENTS = YES;
				CLANG_WARN_EMPTY_BODY = YES;
				CLANG_WARN_ENUM_CONVERSION = YES;
				CLANG_WARN_INFINITE_RECURSION = YES;
				CLANG_WARN_INT_CONVERSION = YES;
				CLANG_WARN_NON_LITERAL_NULL_CONVERSION = YES;
				CLANG_WARN_OBJC_IMPLICIT_RETAIN_SELF = YES;
				CLANG_WARN_OBJC_LITERAL_CONVERSION = YES;
				CLANG_WARN_OBJC_ROOT_CLASS = YES_ERROR;
				CLANG_WARN_QUOTED_INCLUDE_IN_FRAMEWORK_HEADER = YES;
				CLANG_WARN_RANGE_LOOP_ANALYSIS = YES;
				CLANG_WARN_STRICT_PROTOTYPES = YES;
				CLANG_WARN_SUSPICIOUS_MOVE = YES;
				CLANG_WARN_UNGUARDED_AVAILABILITY = YES_AGGRESSIVE;
				CLANG_WARN_UNREACHABLE_CODE = YES;
				CLANG_WARN__DUPLICATE_METHOD_MATCH = YES;
				COPY_PHASE_STRIP = NO;
				DEBUG_INFORMATION_FORMAT = dwarf;
				ENABLE_STRICT_OBJC_MSGSEND = YES;
				ENABLE_TESTABILITY = YES;
				ENABLE_USER_SCRIPT_SANDBOXING = YES;
				GCC_C_LANGUAGE_STANDARD = gnu17;
				GCC_DYNAMIC_NO_PIC = NO;
				GCC_NO_COMMON_BLOCKS = YES;
				GCC_OPTIMIZATION_LEVEL = 0;
				GCC_PREPROCESSOR_DEFINITIONS = (
					"DEBUG=1",
					"$(inherited)",
				);
				GCC_WARN_64_TO_32_BIT_CONVERSION = YES;
				GCC_WARN_ABOUT_RETURN_TYPE = YES_ERROR;
				GCC_WARN_UNDECLARED_SELECTOR = YES;
				GCC_WARN_UNINITIALIZED_AUTOS = YES_AGGRESSIVE;
				GCC_WARN_UNUSED_FUNCTION = YES;
				GCC_WARN_UNUSED_VARIABLE = YES;
				IPHONEOS_DEPLOYMENT_TARGET = 17.0;
				LOCALIZATION_PREFERS_STRING_CATALOGS = YES;
				MTL_ENABLE_DEBUG_INFO = INCLUDE_SOURCE;
				MTL_FAST_MATH = YES;
				ONLY_ACTIVE_ARCH = YES;
				SDKROOT = iphoneos;
				SWIFT_ACTIVE_COMPILATION_CONDITIONS = "DEBUG $(inherited)";
				SWIFT_OPTIMIZATION_LEVEL = "-Onone";
			};
			name = Debug;
		};
		DC7068A92B246FC900619CE0 /* Release */ = {
			isa = XCBuildConfiguration;
			buildSettings = {
				ALWAYS_SEARCH_USER_PATHS = NO;
				ASSETCATALOG_COMPILER_GENERATE_SWIFT_ASSET_SYMBOL_EXTENSIONS = YES;
				CLANG_ANALYZER_NONNULL = YES;
				CLANG_ANALYZER_NUMBER_OBJECT_CONVERSION = YES_AGGRESSIVE;
				CLANG_CXX_LANGUAGE_STANDARD = "gnu++20";
				CLANG_ENABLE_MODULES = YES;
				CLANG_ENABLE_OBJC_ARC = YES;
				CLANG_ENABLE_OBJC_WEAK = YES;
				CLANG_WARN_BLOCK_CAPTURE_AUTORELEASING = YES;
				CLANG_WARN_BOOL_CONVERSION = YES;
				CLANG_WARN_COMMA = YES;
				CLANG_WARN_CONSTANT_CONVERSION = YES;
				CLANG_WARN_DEPRECATED_OBJC_IMPLEMENTATIONS = YES;
				CLANG_WARN_DIRECT_OBJC_ISA_USAGE = YES_ERROR;
				CLANG_WARN_DOCUMENTATION_COMMENTS = YES;
				CLANG_WARN_EMPTY_BODY = YES;
				CLANG_WARN_ENUM_CONVERSION = YES;
				CLANG_WARN_INFINITE_RECURSION = YES;
				CLANG_WARN_INT_CONVERSION = YES;
				CLANG_WARN_NON_LITERAL_NULL_CONVERSION = YES;
				CLANG_WARN_OBJC_IMPLICIT_RETAIN_SELF = YES;
				CLANG_WARN_OBJC_LITERAL_CONVERSION = YES;
				CLANG_WARN_OBJC_ROOT_CLASS = YES_ERROR;
				CLANG_WARN_QUOTED_INCLUDE_IN_FRAMEWORK_HEADER = YES;
				CLANG_WARN_RANGE_LOOP_ANALYSIS = YES;
				CLANG_WARN_STRICT_PROTOTYPES = YES;
				CLANG_WARN_SUSPICIOUS_MOVE = YES;
				CLANG_WARN_UNGUARDED_AVAILABILITY = YES_AGGRESSIVE;
				CLANG_WARN_UNREACHABLE_CODE = YES;
				CLANG_WARN__DUPLICATE_METHOD_MATCH = YES;
				COPY_PHASE_STRIP = NO;
				DEBUG_INFORMATION_FORMAT = "dwarf-with-dsym";
				ENABLE_NS_ASSERTIONS = NO;
				ENABLE_STRICT_OBJC_MSGSEND = YES;
				ENABLE_USER_SCRIPT_SANDBOXING = YES;
				GCC_C_LANGUAGE_STANDARD = gnu17;
				GCC_NO_COMMON_BLOCKS = YES;
				GCC_WARN_64_TO_32_BIT_CONVERSION = YES;
				GCC_WARN_ABOUT_RETURN_TYPE = YES_ERROR;
				GCC_WARN_UNDECLARED_SELECTOR = YES;
				GCC_WARN_UNINITIALIZED_AUTOS = YES_AGGRESSIVE;
				GCC_WARN_UNUSED_FUNCTION = YES;
				GCC_WARN_UNUSED_VARIABLE = YES;
				IPHONEOS_DEPLOYMENT_TARGET = 17.0;
				LOCALIZATION_PREFERS_STRING_CATALOGS = YES;
				MTL_ENABLE_DEBUG_INFO = NO;
				MTL_FAST_MATH = YES;
				SDKROOT = iphoneos;
				SWIFT_COMPILATION_MODE = wholemodule;
				VALIDATE_PRODUCT = YES;
			};
			name = Release;
		};
		DC7068AB2B246FC900619CE0 /* Debug */ = {
			isa = XCBuildConfiguration;
			buildSettings = {
				ASSETCATALOG_COMPILER_APPICON_NAME = AppIcon;
				ASSETCATALOG_COMPILER_GLOBAL_ACCENT_COLOR_NAME = AccentColor;
				CODE_SIGN_STYLE = Automatic;
				CURRENT_PROJECT_VERSION = 1;
				GENERATE_INFOPLIST_FILE = YES;
				INFOPLIST_FILE = rxdemo/Info.plist;
				INFOPLIST_KEY_UIApplicationSupportsIndirectInputEvents = YES;
				INFOPLIST_KEY_UILaunchStoryboardName = LaunchScreen;
				INFOPLIST_KEY_UIMainStoryboardFile = Main;
				INFOPLIST_KEY_UISupportedInterfaceOrientations_iPad = "UIInterfaceOrientationPortrait UIInterfaceOrientationPortraitUpsideDown UIInterfaceOrientationLandscapeLeft UIInterfaceOrientationLandscapeRight";
				INFOPLIST_KEY_UISupportedInterfaceOrientations_iPhone = "UIInterfaceOrientationPortrait UIInterfaceOrientationLandscapeLeft UIInterfaceOrientationLandscapeRight";
				LD_RUNPATH_SEARCH_PATHS = (
					"$(inherited)",
					"@executable_path/Frameworks",
				);
				MARKETING_VERSION = 1.0;
				PRODUCT_BUNDLE_IDENTIFIER = com.uisameer.rxdemo;
				PRODUCT_NAME = "$(TARGET_NAME)";
				SWIFT_EMIT_LOC_STRINGS = YES;
				SWIFT_VERSION = 5.0;
				TARGETED_DEVICE_FAMILY = "1,2";
			};
			name = Debug;
		};
		DC7068AC2B246FC900619CE0 /* Release */ = {
			isa = XCBuildConfiguration;
			buildSettings = {
				ASSETCATALOG_COMPILER_APPICON_NAME = AppIcon;
				ASSETCATALOG_COMPILER_GLOBAL_ACCENT_COLOR_NAME = AccentColor;
				CODE_SIGN_STYLE = Automatic;
				CURRENT_PROJECT_VERSION = 1;
				GENERATE_INFOPLIST_FILE = YES;
				INFOPLIST_FILE = rxdemo/Info.plist;
				INFOPLIST_KEY_UIApplicationSupportsIndirectInputEvents = YES;
				INFOPLIST_KEY_UILaunchStoryboardName = LaunchScreen;
				INFOPLIST_KEY_UIMainStoryboardFile = Main;
				INFOPLIST_KEY_UISupportedInterfaceOrientations_iPad = "UIInterfaceOrientationPortrait UIInterfaceOrientationPortraitUpsideDown UIInterfaceOrientationLandscapeLeft UIInterfaceOrientationLandscapeRight";
				INFOPLIST_KEY_UISupportedInterfaceOrientations_iPhone = "UIInterfaceOrientationPortrait UIInterfaceOrientationLandscapeLeft UIInterfaceOrientationLandscapeRight";
				LD_RUNPATH_SEARCH_PATHS = (
					"$(inherited)",
					"@executable_path/Frameworks",
				);
				MARKETING_VERSION = 1.0;
				PRODUCT_BUNDLE_IDENTIFIER = com.uisameer.rxdemo;
				PRODUCT_NAME = "$(TARGET_NAME)";
				SWIFT_EMIT_LOC_STRINGS = YES;
				SWIFT_VERSION = 5.0;
				TARGETED_DEVICE_FAMILY = "1,2";
			};
			name = Release;
		};
		DC7068AE2B246FC900619CE0 /* Debug */ = {
			isa = XCBuildConfiguration;
			buildSettings = {
				ALWAYS_EMBED_SWIFT_STANDARD_LIBRARIES = YES;
				BUNDLE_LOADER = "$(TEST_HOST)";
				CODE_SIGN_STYLE = Automatic;
				CURRENT_PROJECT_VERSION = 1;
				GENERATE_INFOPLIST_FILE = YES;
				IPHONEOS_DEPLOYMENT_TARGET = 17.0;
				MARKETING_VERSION = 1.0;
				PRODUCT_BUNDLE_IDENTIFIER = com.uisameer.rxdemoTests;
				PRODUCT_NAME = "$(TARGET_NAME)";
				SWIFT_EMIT_LOC_STRINGS = NO;
				SWIFT_VERSION = 5.0;
				TARGETED_DEVICE_FAMILY = "1,2";
				TEST_HOST = "$(BUILT_PRODUCTS_DIR)/rxdemo.app/$(BUNDLE_EXECUTABLE_FOLDER_PATH)/rxdemo";
			};
			name = Debug;
		};
		DC7068AF2B246FC900619CE0 /* Release */ = {
			isa = XCBuildConfiguration;
			buildSettings = {
				ALWAYS_EMBED_SWIFT_STANDARD_LIBRARIES = YES;
				BUNDLE_LOADER = "$(TEST_HOST)";
				CODE_SIGN_STYLE = Automatic;
				CURRENT_PROJECT_VERSION = 1;
				GENERATE_INFOPLIST_FILE = YES;
				IPHONEOS_DEPLOYMENT_TARGET = 17.0;
				MARKETING_VERSION = 1.0;
				PRODUCT_BUNDLE_IDENTIFIER = com.uisameer.rxdemoTests;
				PRODUCT_NAME = "$(TARGET_NAME)";
				SWIFT_EMIT_LOC_STRINGS = NO;
				SWIFT_VERSION = 5.0;
				TARGETED_DEVICE_FAMILY = "1,2";
				TEST_HOST = "$(BUILT_PRODUCTS_DIR)/rxdemo.app/$(BUNDLE_EXECUTABLE_FOLDER_PATH)/rxdemo";
			};
			name = Release;
		};
		DC7068B12B246FC900619CE0 /* Debug */ = {
			isa = XCBuildConfiguration;
			buildSettings = {
				ALWAYS_EMBED_SWIFT_STANDARD_LIBRARIES = YES;
				CODE_SIGN_STYLE = Automatic;
				CURRENT_PROJECT_VERSION = 1;
				GENERATE_INFOPLIST_FILE = YES;
				MARKETING_VERSION = 1.0;
				PRODUCT_BUNDLE_IDENTIFIER = com.uisameer.rxdemoUITests;
				PRODUCT_NAME = "$(TARGET_NAME)";
				SWIFT_EMIT_LOC_STRINGS = NO;
				SWIFT_VERSION = 5.0;
				TARGETED_DEVICE_FAMILY = "1,2";
				TEST_TARGET_NAME = rxdemo;
			};
			name = Debug;
		};
		DC7068B22B246FC900619CE0 /* Release */ = {
			isa = XCBuildConfiguration;
			buildSettings = {
				ALWAYS_EMBED_SWIFT_STANDARD_LIBRARIES = YES;
				CODE_SIGN_STYLE = Automatic;
				CURRENT_PROJECT_VERSION = 1;
				GENERATE_INFOPLIST_FILE = YES;
				MARKETING_VERSION = 1.0;
				PRODUCT_BUNDLE_IDENTIFIER = com.uisameer.rxdemoUITests;
				PRODUCT_NAME = "$(TARGET_NAME)";
				SWIFT_EMIT_LOC_STRINGS = NO;
				SWIFT_VERSION = 5.0;
				TARGETED_DEVICE_FAMILY = "1,2";
				TEST_TARGET_NAME = rxdemo;
			};
			name = Release;
		};
/* End XCBuildConfiguration section */

/* Begin XCConfigurationList section */
		DC70687B2B246FC600619CE0 /* Build configuration list for PBXProject "rxdemo" */ = {
			isa = XCConfigurationList;
			buildConfigurations = (
				DC7068A82B246FC900619CE0 /* Debug */,
				DC7068A92B246FC900619CE0 /* Release */,
			);
			defaultConfigurationIsVisible = 0;
			defaultConfigurationName = Release;
		};
		DC7068AA2B246FC900619CE0 /* Build configuration list for PBXNativeTarget "rxdemo" */ = {
			isa = XCConfigurationList;
			buildConfigurations = (
				DC7068AB2B246FC900619CE0 /* Debug */,
				DC7068AC2B246FC900619CE0 /* Release */,
			);
			defaultConfigurationIsVisible = 0;
			defaultConfigurationName = Release;
		};
		DC7068AD2B246FC900619CE0 /* Build configuration list for PBXNativeTarget "rxdemoTests" */ = {
			isa = XCConfigurationList;
			buildConfigurations = (
				DC7068AE2B246FC900619CE0 /* Debug */,
				DC7068AF2B246FC900619CE0 /* Release */,
			);
			defaultConfigurationIsVisible = 0;
			defaultConfigurationName = Release;
		};
		DC7068B02B246FC900619CE0 /* Build configuration list for PBXNativeTarget "rxdemoUITests" */ = {
			isa = XCConfigurationList;
			buildConfigurations = (
				DC7068B12B246FC900619CE0 /* Debug */,
				DC7068B22B246FC900619CE0 /* Release */,
			);
			defaultConfigurationIsVisible = 0;
			defaultConfigurationName = Release;
		};
/* End XCConfigurationList section */

/* Begin XCRemoteSwiftPackageReference section */
		DC7068B32B24707800619CE0 /* XCRemoteSwiftPackageReference "RxSwift" */ = {
			isa = XCRemoteSwiftPackageReference;
			repositoryURL = "https://github.com/ReactiveX/RxSwift.git";
			requirement = {
				kind = upToNextMajorVersion;
				minimumVersion = 6.0.0;
			};
		};
/* End XCRemoteSwiftPackageReference section */

/* Begin XCSwiftPackageProductDependency section */
		DC7068B42B24707800619CE0 /* RxCocoa */ = {
			isa = XCSwiftPackageProductDependency;
			package = DC7068B32B24707800619CE0 /* XCRemoteSwiftPackageReference "RxSwift" */;
			productName = RxCocoa;
		};
		DC7068B62B24707800619CE0 /* RxSwift */ = {
			isa = XCSwiftPackageProductDependency;
			package = DC7068B32B24707800619CE0 /* XCRemoteSwiftPackageReference "RxSwift" */;
			productName = RxSwift;
		};
/* End XCSwiftPackageProductDependency section */
	};
	rootObject = DC7068782B246FC600619CE0 /* Project object */;
}
